
Microsoft Visual Studio Solution File, Format Version 12.00
# Visual Studio 2013
VisualStudioVersion = 12.0.31101.0
MinimumVisualStudioVersion = 10.0.40219.1
Project("{2150E333-8FDC-42A3-9474-1A3956D46DE8}") = "MongoDB", "MongoDB", "{DEFB5D29-2A15-4ABD-A765-73C8B306E50B}"
EndProject
Project("{2150E333-8FDC-42A3-9474-1A3956D46DE8}") = "MSSQL", "MSSQL", "{9099BAD5-89A8-4412-9760-9341EDB5FE06}"
EndProject
Project("{2150E333-8FDC-42A3-9474-1A3956D46DE8}") = "Oracle", "Oracle", "{F3F71D63-6C9A-49C2-829C-B29B1A8551C1}"
EndProject
Project("{2150E333-8FDC-42A3-9474-1A3956D46DE8}") = "SQLLite", "SQLLite", "{A4817B0F-D8C0-40CC-9AFD-F43BE856BA40}"
EndProject
Project("{2150E333-8FDC-42A3-9474-1A3956D46DE8}") = "MySQL", "MySQL", "{646134D3-45E0-4394-8A2C-2AD16B625D63}"
EndProject
Project("{FAE04EC0-301F-11D3-BF4B-00C04F79EFBC}") = "MongoDB.Data", "MongoDB.Data\MongoDB.Data.csproj", "{860B8B86-CF3C-4F09-A688-034FFD03D8BD}"
EndProject
Project("{FAE04EC0-301F-11D3-BF4B-00C04F79EFBC}") = "MSSQL.Data", "MSSQL.Data\MSSQL.Data.csproj", "{8C6D8F40-0ECA-483B-80D3-9243CBC8DC95}"
EndProject
Project("{FAE04EC0-301F-11D3-BF4B-00C04F79EFBC}") = "MySQL.Data", "MySQL.Data\MySQL.Data.csproj", "{F35EA154-9D72-45B3-8A1F-AF3775B4D063}"
EndProject
Project("{FAE04EC0-301F-11D3-BF4B-00C04F79EFBC}") = "Oracle.Data", "Oracle.Data\Oracle.Data.csproj", "{93F65EC7-7713-45AD-8B6B-CAED352EC8D4}"
EndProject
Project("{FAE04EC0-301F-11D3-BF4B-00C04F79EFBC}") = "SQLLite.Data", "SQLLite.Data\SQLLite.Data.csproj", "{AFC144D5-B7E9-4689-BA9D-2764465D3953}"
EndProject
Project("{FAE04EC0-301F-11D3-BF4B-00C04F79EFBC}") = "Supermarket.Models", "Supermarket.Models\Supermarket.Models.csproj", "{9AF51EA9-DB57-47C9-A084-6FEF7BC48A8A}"
EndProject
Project("{FAE04EC0-301F-11D3-BF4B-00C04F79EFBC}") = "SupermarketClient", "SupermarketClient\SupermarketClient.csproj", "{9FAC2456-9914-4D3C-B573-844A7CCBBCA3}"
EndProject
Project("{FAE04EC0-301F-11D3-BF4B-00C04F79EFBC}") = "SupermarketConsoleClient", "SupermarketConsoleClient\SupermarketConsoleClient.csproj", "{6186A201-705A-4CCE-A5CA-1F068FB71791}"
EndProject
Global
	GlobalSection(SolutionConfigurationPlatforms) = preSolution
		Debug|Any CPU = Debug|Any CPU
		Release|Any CPU = Release|Any CPU
	EndGlobalSection
	GlobalSection(ProjectConfigurationPlatforms) = postSolution
		{860B8B86-CF3C-4F09-A688-034FFD03D8BD}.Debug|Any CPU.ActiveCfg = Debug|Any CPU
		{860B8B86-CF3C-4F09-A688-034FFD03D8BD}.Debug|Any CPU.Build.0 = Debug|Any CPU
		{860B8B86-CF3C-4F09-A688-034FFD03D8BD}.Release|Any CPU.ActiveCfg = Release|Any CPU
		{860B8B86-CF3C-4F09-A688-034FFD03D8BD}.Release|Any CPU.Build.0 = Release|Any CPU
		{8C6D8F40-0ECA-483B-80D3-9243CBC8DC95}.Debug|Any CPU.ActiveCfg = Debug|Any CPU
		{8C6D8F40-0ECA-483B-80D3-9243CBC8DC95}.Debug|Any CPU.Build.0 = Debug|Any CPU
		{8C6D8F40-0ECA-483B-80D3-9243CBC8DC95}.Release|Any CPU.ActiveCfg = Release|Any CPU
		{8C6D8F40-0ECA-483B-80D3-9243CBC8DC95}.Release|Any CPU.Build.0 = Release|Any CPU
		{F35EA154-9D72-45B3-8A1F-AF3775B4D063}.Debug|Any CPU.ActiveCfg = Debug|Any CPU
		{F35EA154-9D72-45B3-8A1F-AF3775B4D063}.Debug|Any CPU.Build.0 = Debug|Any CPU
		{F35EA154-9D72-45B3-8A1F-AF3775B4D063}.Release|Any CPU.ActiveCfg = Release|Any CPU
		{F35EA154-9D72-45B3-8A1F-AF3775B4D063}.Release|Any CPU.Build.0 = Release|Any CPU
		{93F65EC7-7713-45AD-8B6B-CAED352EC8D4}.Debug|Any CPU.ActiveCfg = Debug|Any CPU
		{93F65EC7-7713-45AD-8B6B-CAED352EC8D4}.Debug|Any CPU.Build.0 = Debug|Any CPU
		{93F65EC7-7713-45AD-8B6B-CAED352EC8D4}.Release|Any CPU.ActiveCfg = Release|Any CPU
		{93F65EC7-7713-45AD-8B6B-CAED352EC8D4}.Release|Any CPU.Build.0 = Release|Any CPU
		{AFC144D5-B7E9-4689-BA9D-2764465D3953}.Debug|Any CPU.ActiveCfg = Debug|Any CPU
		{AFC144D5-B7E9-4689-BA9D-2764465D3953}.Debug|Any CPU.Build.0 = Debug|Any CPU
		{AFC144D5-B7E9-4689-BA9D-2764465D3953}.Release|Any CPU.ActiveCfg = Release|Any CPU
		{AFC144D5-B7E9-4689-BA9D-2764465D3953}.Release|Any CPU.Build.0 = Release|Any CPU
		{9AF51EA9-DB57-47C9-A084-6FEF7BC48A8A}.Debug|Any CPU.ActiveCfg = Debug|Any CPU
		{9AF51EA9-DB57-47C9-A084-6FEF7BC48A8A}.Debug|Any CPU.Build.0 = Debug|Any CPU
		{9AF51EA9-DB57-47C9-A084-6FEF7BC48A8A}.Release|Any CPU.ActiveCfg = Release|Any CPU
		{9AF51EA9-DB57-47C9-A084-6FEF7BC48A8A}.Release|Any CPU.Build.0 = Release|Any CPU
		{9FAC2456-9914-4D3C-B573-844A7CCBBCA3}.Debug|Any CPU.ActiveCfg = Debug|Any CPU
		{9FAC2456-9914-4D3C-B573-844A7CCBBCA3}.Debug|Any CPU.Build.0 = Debug|Any CPU
		{9FAC2456-9914-4D3C-B573-844A7CCBBCA3}.Release|Any CPU.ActiveCfg = Release|Any CPU
		{9FAC2456-9914-4D3C-B573-844A7CCBBCA3}.Release|Any CPU.Build.0 = Release|Any CPU
		{6186A201-705A-4CCE-A5CA-1F068FB71791}.Debug|Any CPU.ActiveCfg = Debug|Any CPU
		{6186A201-705A-4CCE-A5CA-1F068FB71791}.Debug|Any CPU.Build.0 = Debug|Any CPU
		{6186A201-705A-4CCE-A5CA-1F068FB71791}.Release|Any CPU.ActiveCfg = Release|Any CPU
		{6186A201-705A-4CCE-A5CA-1F068FB71791}.Release|Any CPU.Build.0 = Release|Any CPU
	EndGlobalSection
	GlobalSection(SolutionProperties) = preSolution
		HideSolutionNode = FALSE
	EndGlobalSection
	GlobalSection(NestedProjects) = preSolution
		{860B8B86-CF3C-4F09-A688-034FFD03D8BD} = {DEFB5D29-2A15-4ABD-A765-73C8B306E50B}
		{8C6D8F40-0ECA-483B-80D3-9243CBC8DC95} = {9099BAD5-89A8-4412-9760-9341EDB5FE06}
		{F35EA154-9D72-45B3-8A1F-AF3775B4D063} = {646134D3-45E0-4394-8A2C-2AD16B625D63}
		{93F65EC7-7713-45AD-8B6B-CAED352EC8D4} = {F3F71D63-6C9A-49C2-829C-B29B1A8551C1}
		{AFC144D5-B7E9-4689-BA9D-2764465D3953} = {A4817B0F-D8C0-40CC-9AFD-F43BE856BA40}
	EndGlobalSection
EndGlobal
